// !$*UTF8*$!
{
	archiveVersion = 1;
	classes = {
	};
	objectVersion = 50;
	objects = {

/* Begin PBXBuildFile section */
		F809FC48272509640044E518 /* ApolloGraphQLApiClient.generated.swift in Sources */ = {isa = PBXBuildFile; fileRef = F809FC45272509640044E518 /* ApolloGraphQLApiClient.generated.swift */; };
		F809FC49272509640044E518 /* ApolloGraphQLSpec.generated.swift in Sources */ = {isa = PBXBuildFile; fileRef = F809FC46272509640044E518 /* ApolloGraphQLSpec.generated.swift */; };
		F809FC4F272509780044E518 /* StarWarsGraphQLSpec.generated.swift in Sources */ = {isa = PBXBuildFile; fileRef = F809FC4C272509780044E518 /* StarWarsGraphQLSpec.generated.swift */; };
		F809FC50272509780044E518 /* StarWarsGraphQLApiClient.generated.swift in Sources */ = {isa = PBXBuildFile; fileRef = F809FC4D272509780044E518 /* StarWarsGraphQLApiClient.generated.swift */; };
		F809FC552725098C0044E518 /* GroceriesGraphQLNetworkModels.generated.swift in Sources */ = {isa = PBXBuildFile; fileRef = F809FC522725098C0044E518 /* GroceriesGraphQLNetworkModels.generated.swift */; };
		F809FC58272509AA0044E518 /* GroceriesApiClient.generated.swift in Sources */ = {isa = PBXBuildFile; fileRef = F809FC57272509AA0044E518 /* GroceriesApiClient.generated.swift */; };
		F809FC5A272509E60044E518 /* GraphQLEntities.generated.swift in Sources */ = {isa = PBXBuildFile; fileRef = F809FC59272509E60044E518 /* GraphQLEntities.generated.swift */; };
		F809FC5C27250D530044E518 /* GroceriesMappers.generated.swift in Sources */ = {isa = PBXBuildFile; fileRef = F809FC5B27250D520044E518 /* GroceriesMappers.generated.swift */; };
		F809FC5E27250D650044E518 /* StarWarsMappers.generated.swift in Sources */ = {isa = PBXBuildFile; fileRef = F809FC5D27250D650044E518 /* StarWarsMappers.generated.swift */; };
		F809FC6027250D770044E518 /* ApolloMappers.generated.swift in Sources */ = {isa = PBXBuildFile; fileRef = F809FC5F27250D770044E518 /* ApolloMappers.generated.swift */; };
		F8113EAB2723F51500328EF9 /* Campaign.swift in Sources */ = {isa = PBXBuildFile; fileRef = F8113EAA2723F51500328EF9 /* Campaign.swift */; };
		F8113EAF2723F59800328EF9 /* CampaignAttribute.swift in Sources */ = {isa = PBXBuildFile; fileRef = F8113EAE2723F59800328EF9 /* CampaignAttribute.swift */; };
		F8113EB1272438B300328EF9 /* ProductDeal.swift in Sources */ = {isa = PBXBuildFile; fileRef = F8113EB0272438B300328EF9 /* ProductDeal.swift */; };
		F855FD1527043B9100602EC4 /* StarWarsRepository.swift in Sources */ = {isa = PBXBuildFile; fileRef = F855FD1427043B9100602EC4 /* StarWarsRepository.swift */; };
		F855FD1727043C4900602EC4 /* StarWarsWebService.swift in Sources */ = {isa = PBXBuildFile; fileRef = F855FD1627043C4900602EC4 /* StarWarsWebService.swift */; };
		F8A1173A271DAFD200723D3A /* ApolloRepository.swift in Sources */ = {isa = PBXBuildFile; fileRef = F8A11739271DAFD200723D3A /* ApolloRepository.swift */; };
		F8A1173C271DAFE600723D3A /* ApolloWebService.swift in Sources */ = {isa = PBXBuildFile; fileRef = F8A1173B271DAFE600723D3A /* ApolloWebService.swift */; };
		F8BFF72D270AD02C00AE4828 /* DateTimeInterval.swift in Sources */ = {isa = PBXBuildFile; fileRef = F8BFF72C270AD02C00AE4828 /* DateTimeInterval.swift */; };
		F8C4086E270193CE00CA5F13 /* GroceriesResourceParametersConfigurator.swift in Sources */ = {isa = PBXBuildFile; fileRef = F8C4086D270193CE00CA5F13 /* GroceriesResourceParametersConfigurator.swift */; };
		F8C4088F270324F800CA5F13 /* GroceriesRepository.swift in Sources */ = {isa = PBXBuildFile; fileRef = F8C4088E270324F800CA5F13 /* GroceriesRepository.swift */; };
		F8D05A572724A94A0009A228 /* Deal.swift in Sources */ = {isa = PBXBuildFile; fileRef = F8D05A562724A94A0009A228 /* Deal.swift */; };
		F8D3235826FCAC9F00A594B2 /* GraphQLCodegenExampleApp.swift in Sources */ = {isa = PBXBuildFile; fileRef = F8D3235726FCAC9F00A594B2 /* GraphQLCodegenExampleApp.swift */; };
		F8D3235A26FCAC9F00A594B2 /* ContentView.swift in Sources */ = {isa = PBXBuildFile; fileRef = F8D3235926FCAC9F00A594B2 /* ContentView.swift */; };
		F8D3235C26FCACA000A594B2 /* Assets.xcassets in Resources */ = {isa = PBXBuildFile; fileRef = F8D3235B26FCACA000A594B2 /* Assets.xcassets */; };
		F8D3235F26FCACA000A594B2 /* Preview Assets.xcassets in Resources */ = {isa = PBXBuildFile; fileRef = F8D3235E26FCACA000A594B2 /* Preview Assets.xcassets */; };
		F8D3236926FCACF800A594B2 /* Alamofire.framework in Frameworks */ = {isa = PBXBuildFile; fileRef = F8D3236826FCACF800A594B2 /* Alamofire.framework */; };
		F8D3236A26FCACF800A594B2 /* Alamofire.framework in Embed Frameworks */ = {isa = PBXBuildFile; fileRef = F8D3236826FCACF800A594B2 /* Alamofire.framework */; settings = {ATTRIBUTES = (CodeSignOnCopy, RemoveHeadersOnCopy, ); }; };
		F8D3236D26FCACFB00A594B2 /* ApiClient.framework in Frameworks */ = {isa = PBXBuildFile; fileRef = F8D3236C26FCACFB00A594B2 /* ApiClient.framework */; };
		F8D3236E26FCACFB00A594B2 /* ApiClient.framework in Embed Frameworks */ = {isa = PBXBuildFile; fileRef = F8D3236C26FCACFB00A594B2 /* ApiClient.framework */; settings = {ATTRIBUTES = (CodeSignOnCopy, RemoveHeadersOnCopy, ); }; };
		F8D3237026FCACFE00A594B2 /* RxSwift.framework in Frameworks */ = {isa = PBXBuildFile; fileRef = F8D3236F26FCACFE00A594B2 /* RxSwift.framework */; };
		F8D3237126FCACFE00A594B2 /* RxSwift.framework in Embed Frameworks */ = {isa = PBXBuildFile; fileRef = F8D3236F26FCACFE00A594B2 /* RxSwift.framework */; settings = {ATTRIBUTES = (CodeSignOnCopy, RemoveHeadersOnCopy, ); }; };
		F8D3237526FCAF6300A594B2 /* GroceriesWebService.swift in Sources */ = {isa = PBXBuildFile; fileRef = F8D3237426FCAF6300A594B2 /* GroceriesWebService.swift */; };
/* End PBXBuildFile section */

/* Begin PBXCopyFilesBuildPhase section */
		F8D3236B26FCACF800A594B2 /* Embed Frameworks */ = {
			isa = PBXCopyFilesBuildPhase;
			buildActionMask = 2147483647;
			dstPath = "";
			dstSubfolderSpec = 10;
			files = (
				F8D3236E26FCACFB00A594B2 /* ApiClient.framework in Embed Frameworks */,
				F8D3236A26FCACF800A594B2 /* Alamofire.framework in Embed Frameworks */,
				F8D3237126FCACFE00A594B2 /* RxSwift.framework in Embed Frameworks */,
			);
			name = "Embed Frameworks";
			runOnlyForDeploymentPostprocessing = 0;
		};
/* End PBXCopyFilesBuildPhase section */

/* Begin PBXFileReference section */
		F809FC45272509640044E518 /* ApolloGraphQLApiClient.generated.swift */ = {isa = PBXFileReference; fileEncoding = 4; lastKnownFileType = sourcecode.swift; path = ApolloGraphQLApiClient.generated.swift; sourceTree = "<group>"; };
		F809FC46272509640044E518 /* ApolloGraphQLSpec.generated.swift */ = {isa = PBXFileReference; fileEncoding = 4; lastKnownFileType = sourcecode.swift; path = ApolloGraphQLSpec.generated.swift; sourceTree = "<group>"; };
		F809FC4C272509780044E518 /* StarWarsGraphQLSpec.generated.swift */ = {isa = PBXFileReference; fileEncoding = 4; lastKnownFileType = sourcecode.swift; path = StarWarsGraphQLSpec.generated.swift; sourceTree = "<group>"; };
		F809FC4D272509780044E518 /* StarWarsGraphQLApiClient.generated.swift */ = {isa = PBXFileReference; fileEncoding = 4; lastKnownFileType = sourcecode.swift; path = StarWarsGraphQLApiClient.generated.swift; sourceTree = "<group>"; };
		F809FC522725098C0044E518 /* GroceriesGraphQLNetworkModels.generated.swift */ = {isa = PBXFileReference; fileEncoding = 4; lastKnownFileType = sourcecode.swift; path = GroceriesGraphQLNetworkModels.generated.swift; sourceTree = "<group>"; };
		F809FC57272509AA0044E518 /* GroceriesApiClient.generated.swift */ = {isa = PBXFileReference; fileEncoding = 4; lastKnownFileType = sourcecode.swift; path = GroceriesApiClient.generated.swift; sourceTree = "<group>"; };
		F809FC59272509E60044E518 /* GraphQLEntities.generated.swift */ = {isa = PBXFileReference; fileEncoding = 4; lastKnownFileType = sourcecode.swift; path = GraphQLEntities.generated.swift; sourceTree = "<group>"; };
		F809FC5B27250D520044E518 /* GroceriesMappers.generated.swift */ = {isa = PBXFileReference; fileEncoding = 4; lastKnownFileType = sourcecode.swift; path = GroceriesMappers.generated.swift; sourceTree = "<group>"; };
		F809FC5D27250D650044E518 /* StarWarsMappers.generated.swift */ = {isa = PBXFileReference; fileEncoding = 4; lastKnownFileType = sourcecode.swift; path = StarWarsMappers.generated.swift; sourceTree = "<group>"; };
		F809FC5F27250D770044E518 /* ApolloMappers.generated.swift */ = {isa = PBXFileReference; fileEncoding = 4; lastKnownFileType = sourcecode.swift; path = ApolloMappers.generated.swift; sourceTree = "<group>"; };
		F8113EAA2723F51500328EF9 /* Campaign.swift */ = {isa = PBXFileReference; lastKnownFileType = sourcecode.swift; path = Campaign.swift; sourceTree = "<group>"; };
		F8113EAE2723F59800328EF9 /* CampaignAttribute.swift */ = {isa = PBXFileReference; lastKnownFileType = sourcecode.swift; path = CampaignAttribute.swift; sourceTree = "<group>"; };
		F8113EB0272438B300328EF9 /* ProductDeal.swift */ = {isa = PBXFileReference; lastKnownFileType = sourcecode.swift; path = ProductDeal.swift; sourceTree = "<group>"; };
		F855FD1427043B9100602EC4 /* StarWarsRepository.swift */ = {isa = PBXFileReference; lastKnownFileType = sourcecode.swift; path = StarWarsRepository.swift; sourceTree = "<group>"; };
		F855FD1627043C4900602EC4 /* StarWarsWebService.swift */ = {isa = PBXFileReference; lastKnownFileType = sourcecode.swift; path = StarWarsWebService.swift; sourceTree = "<group>"; };
		F8A11739271DAFD200723D3A /* ApolloRepository.swift */ = {isa = PBXFileReference; lastKnownFileType = sourcecode.swift; path = ApolloRepository.swift; sourceTree = "<group>"; };
		F8A1173B271DAFE600723D3A /* ApolloWebService.swift */ = {isa = PBXFileReference; lastKnownFileType = sourcecode.swift; path = ApolloWebService.swift; sourceTree = "<group>"; };
		F8BFF72C270AD02C00AE4828 /* DateTimeInterval.swift */ = {isa = PBXFileReference; lastKnownFileType = sourcecode.swift; path = DateTimeInterval.swift; sourceTree = "<group>"; };
		F8C4086D270193CE00CA5F13 /* GroceriesResourceParametersConfigurator.swift */ = {isa = PBXFileReference; lastKnownFileType = sourcecode.swift; path = GroceriesResourceParametersConfigurator.swift; sourceTree = "<group>"; };
		F8C4088E270324F800CA5F13 /* GroceriesRepository.swift */ = {isa = PBXFileReference; lastKnownFileType = sourcecode.swift; path = GroceriesRepository.swift; sourceTree = "<group>"; };
		F8D05A562724A94A0009A228 /* Deal.swift */ = {isa = PBXFileReference; lastKnownFileType = sourcecode.swift; path = Deal.swift; sourceTree = "<group>"; };
		F8D3235426FCAC9F00A594B2 /* GraphQLCodegenExample.app */ = {isa = PBXFileReference; explicitFileType = wrapper.application; includeInIndex = 0; path = GraphQLCodegenExample.app; sourceTree = BUILT_PRODUCTS_DIR; };
		F8D3235726FCAC9F00A594B2 /* GraphQLCodegenExampleApp.swift */ = {isa = PBXFileReference; lastKnownFileType = sourcecode.swift; path = GraphQLCodegenExampleApp.swift; sourceTree = "<group>"; };
		F8D3235926FCAC9F00A594B2 /* ContentView.swift */ = {isa = PBXFileReference; lastKnownFileType = sourcecode.swift; path = ContentView.swift; sourceTree = "<group>"; };
		F8D3235B26FCACA000A594B2 /* Assets.xcassets */ = {isa = PBXFileReference; lastKnownFileType = folder.assetcatalog; path = Assets.xcassets; sourceTree = "<group>"; };
		F8D3235E26FCACA000A594B2 /* Preview Assets.xcassets */ = {isa = PBXFileReference; lastKnownFileType = folder.assetcatalog; path = "Preview Assets.xcassets"; sourceTree = "<group>"; };
		F8D3236026FCACA000A594B2 /* Info.plist */ = {isa = PBXFileReference; lastKnownFileType = text.plist.xml; path = Info.plist; sourceTree = "<group>"; };
		F8D3236826FCACF800A594B2 /* Alamofire.framework */ = {isa = PBXFileReference; lastKnownFileType = wrapper.framework; name = Alamofire.framework; path = Carthage/Build/iOS/Alamofire.framework; sourceTree = "<group>"; };
		F8D3236C26FCACFB00A594B2 /* ApiClient.framework */ = {isa = PBXFileReference; lastKnownFileType = wrapper.framework; name = ApiClient.framework; path = Carthage/Build/iOS/ApiClient.framework; sourceTree = "<group>"; };
		F8D3236F26FCACFE00A594B2 /* RxSwift.framework */ = {isa = PBXFileReference; lastKnownFileType = wrapper.framework; name = RxSwift.framework; path = Carthage/Build/iOS/RxSwift.framework; sourceTree = "<group>"; };
		F8D3237426FCAF6300A594B2 /* GroceriesWebService.swift */ = {isa = PBXFileReference; lastKnownFileType = sourcecode.swift; path = GroceriesWebService.swift; sourceTree = "<group>"; };
/* End PBXFileReference section */

/* Begin PBXFrameworksBuildPhase section */
		F8D3235126FCAC9F00A594B2 /* Frameworks */ = {
			isa = PBXFrameworksBuildPhase;
			buildActionMask = 2147483647;
			files = (
				F8D3236D26FCACFB00A594B2 /* ApiClient.framework in Frameworks */,
				F8D3236926FCACF800A594B2 /* Alamofire.framework in Frameworks */,
				F8D3237026FCACFE00A594B2 /* RxSwift.framework in Frameworks */,
			);
			runOnlyForDeploymentPostprocessing = 0;
		};
/* End PBXFrameworksBuildPhase section */

/* Begin PBXGroup section */
		F8A11734271DACD000723D3A /* Apollo */ = {
			isa = PBXGroup;
			children = (
				F8A1173B271DAFE600723D3A /* ApolloWebService.swift */,
				F8A11739271DAFD200723D3A /* ApolloRepository.swift */,
				F809FC45272509640044E518 /* ApolloGraphQLApiClient.generated.swift */,
				F809FC46272509640044E518 /* ApolloGraphQLSpec.generated.swift */,
				F809FC5F27250D770044E518 /* ApolloMappers.generated.swift */,
			);
			path = Apollo;
			sourceTree = "<group>";
		};
		F8BFF72B270AD02000AE4828 /* Models */ = {
			isa = PBXGroup;
			children = (
				F8BFF72C270AD02C00AE4828 /* DateTimeInterval.swift */,
				F8113EAA2723F51500328EF9 /* Campaign.swift */,
				F8113EAE2723F59800328EF9 /* CampaignAttribute.swift */,
				F8113EB0272438B300328EF9 /* ProductDeal.swift */,
				F8D05A562724A94A0009A228 /* Deal.swift */,
			);
			path = Models;
			sourceTree = "<group>";
		};
		F8D3234B26FCAC9F00A594B2 = {
			isa = PBXGroup;
			children = (
				F8D3235626FCAC9F00A594B2 /* GraphQLCodegenExample */,
				F8D3235526FCAC9F00A594B2 /* Products */,
				F8D3236726FCACF800A594B2 /* Frameworks */,
			);
			sourceTree = "<group>";
		};
		F8D3235526FCAC9F00A594B2 /* Products */ = {
			isa = PBXGroup;
			children = (
				F8D3235426FCAC9F00A594B2 /* GraphQLCodegenExample.app */,
			);
			name = Products;
			sourceTree = "<group>";
		};
		F8D3235626FCAC9F00A594B2 /* GraphQLCodegenExample */ = {
			isa = PBXGroup;
			children = (
				F8D3235726FCAC9F00A594B2 /* GraphQLCodegenExampleApp.swift */,
				F8D323AF2700326D00A594B2 /* Groceries */,
				F8FCE28B270AC79500A83582 /* Core */,
				F8D323B02700328000A594B2 /* StarWars */,
				F8A11734271DACD000723D3A /* Apollo */,
				F8D3235926FCAC9F00A594B2 /* ContentView.swift */,
				F8BFF72B270AD02000AE4828 /* Models */,
				F8D3235B26FCACA000A594B2 /* Assets.xcassets */,
				F8D3236026FCACA000A594B2 /* Info.plist */,
				F8D3235D26FCACA000A594B2 /* Preview Content */,
			);
			path = GraphQLCodegenExample;
			sourceTree = "<group>";
		};
		F8D3235D26FCACA000A594B2 /* Preview Content */ = {
			isa = PBXGroup;
			children = (
				F8D3235E26FCACA000A594B2 /* Preview Assets.xcassets */,
			);
			path = "Preview Content";
			sourceTree = "<group>";
		};
		F8D3236726FCACF800A594B2 /* Frameworks */ = {
			isa = PBXGroup;
			children = (
				F8D3236F26FCACFE00A594B2 /* RxSwift.framework */,
				F8D3236C26FCACFB00A594B2 /* ApiClient.framework */,
				F8D3236826FCACF800A594B2 /* Alamofire.framework */,
			);
			name = Frameworks;
			sourceTree = "<group>";
		};
		F8D323AF2700326D00A594B2 /* Groceries */ = {
			isa = PBXGroup;
			children = (
				F8C4088E270324F800CA5F13 /* GroceriesRepository.swift */,
				F8D3237426FCAF6300A594B2 /* GroceriesWebService.swift */,
				F8C4086D270193CE00CA5F13 /* GroceriesResourceParametersConfigurator.swift */,
				F809FC57272509AA0044E518 /* GroceriesApiClient.generated.swift */,
				F809FC522725098C0044E518 /* GroceriesGraphQLNetworkModels.generated.swift */,
				F809FC5B27250D520044E518 /* GroceriesMappers.generated.swift */,
			);
			path = Groceries;
			sourceTree = "<group>";
		};
		F8D323B02700328000A594B2 /* StarWars */ = {
			isa = PBXGroup;
			children = (
				F855FD1627043C4900602EC4 /* StarWarsWebService.swift */,
				F855FD1427043B9100602EC4 /* StarWarsRepository.swift */,
				F809FC4D272509780044E518 /* StarWarsGraphQLApiClient.generated.swift */,
				F809FC4C272509780044E518 /* StarWarsGraphQLSpec.generated.swift */,
				F809FC5D27250D650044E518 /* StarWarsMappers.generated.swift */,
			);
			path = StarWars;
			sourceTree = "<group>";
		};
		F8FCE28B270AC79500A83582 /* Core */ = {
			isa = PBXGroup;
			children = (
				F809FC59272509E60044E518 /* GraphQLEntities.generated.swift */,
			);
			path = Core;
			sourceTree = "<group>";
		};
/* End PBXGroup section */

/* Begin PBXNativeTarget section */
		F8D3235326FCAC9F00A594B2 /* GraphQLCodegenExample */ = {
			isa = PBXNativeTarget;
			buildConfigurationList = F8D3236326FCACA000A594B2 /* Build configuration list for PBXNativeTarget "GraphQLCodegenExample" */;
			buildPhases = (
				F885BCE32700667D00DEDDA2 /* GroceriesGraphQL */,
				F885BCE22700667100DEDDA2 /* BigCommerceGraphQL */,
				F8D3235026FCAC9F00A594B2 /* Sources */,
				F8D3235126FCAC9F00A594B2 /* Frameworks */,
				F8D3235226FCAC9F00A594B2 /* Resources */,
				F8D3236B26FCACF800A594B2 /* Embed Frameworks */,
			);
			buildRules = (
			);
			dependencies = (
			);
			name = GraphQLCodegenExample;
			productName = GraphQLCodegenExample;
			productReference = F8D3235426FCAC9F00A594B2 /* GraphQLCodegenExample.app */;
			productType = "com.apple.product-type.application";
		};
/* End PBXNativeTarget section */

/* Begin PBXProject section */
		F8D3234C26FCAC9F00A594B2 /* Project object */ = {
			isa = PBXProject;
			attributes = {
				LastSwiftUpdateCheck = 1240;
				LastUpgradeCheck = 1240;
				TargetAttributes = {
					F8D3235326FCAC9F00A594B2 = {
						CreatedOnToolsVersion = 12.4;
					};
				};
			};
			buildConfigurationList = F8D3234F26FCAC9F00A594B2 /* Build configuration list for PBXProject "GraphQLCodegenExample" */;
			compatibilityVersion = "Xcode 9.3";
			developmentRegion = en;
			hasScannedForEncodings = 0;
			knownRegions = (
				en,
				Base,
			);
			mainGroup = F8D3234B26FCAC9F00A594B2;
			productRefGroup = F8D3235526FCAC9F00A594B2 /* Products */;
			projectDirPath = "";
			projectRoot = "";
			targets = (
				F8D3235326FCAC9F00A594B2 /* GraphQLCodegenExample */,
			);
		};
/* End PBXProject section */

/* Begin PBXResourcesBuildPhase section */
		F8D3235226FCAC9F00A594B2 /* Resources */ = {
			isa = PBXResourcesBuildPhase;
			buildActionMask = 2147483647;
			files = (
				F8D3235F26FCACA000A594B2 /* Preview Assets.xcassets in Resources */,
				F8D3235C26FCACA000A594B2 /* Assets.xcassets in Resources */,
			);
			runOnlyForDeploymentPostprocessing = 0;
		};
/* End PBXResourcesBuildPhase section */

/* Begin PBXShellScriptBuildPhase section */
		F885BCE22700667100DEDDA2 /* BigCommerceGraphQL */ = {
			isa = PBXShellScriptBuildPhase;
			buildActionMask = 2147483647;
			files = (
			);
			inputFileListPaths = (
			);
			inputPaths = (
			);
			name = BigCommerceGraphQL;
			outputFileListPaths = (
			);
			outputPaths = (
			);
			runOnlyForDeploymentPostprocessing = 0;
			shellPath = /bin/sh;
			shellScript = "# make codegen-starwars\n";
		};
		F885BCE32700667D00DEDDA2 /* GroceriesGraphQL */ = {
			isa = PBXShellScriptBuildPhase;
			buildActionMask = 2147483647;
			files = (
			);
			inputFileListPaths = (
			);
			inputPaths = (
			);
			name = GroceriesGraphQL;
			outputFileListPaths = (
			);
			outputPaths = (
			);
			runOnlyForDeploymentPostprocessing = 0;
			shellPath = /bin/sh;
			shellScript = "# make codegen-groceries\n";
		};
/* End PBXShellScriptBuildPhase section */

/* Begin PBXSourcesBuildPhase section */
		F8D3235026FCAC9F00A594B2 /* Sources */ = {
			isa = PBXSourcesBuildPhase;
			buildActionMask = 2147483647;
			files = (
				F809FC5E27250D650044E518 /* StarWarsMappers.generated.swift in Sources */,
				F809FC49272509640044E518 /* ApolloGraphQLSpec.generated.swift in Sources */,
				F8D3237526FCAF6300A594B2 /* GroceriesWebService.swift in Sources */,
				F8A1173C271DAFE600723D3A /* ApolloWebService.swift in Sources */,
				F809FC552725098C0044E518 /* GroceriesGraphQLNetworkModels.generated.swift in Sources */,
				F8C4088F270324F800CA5F13 /* GroceriesRepository.swift in Sources */,
				F8113EAB2723F51500328EF9 /* Campaign.swift in Sources */,
				F8D3235A26FCAC9F00A594B2 /* ContentView.swift in Sources */,
				F855FD1527043B9100602EC4 /* StarWarsRepository.swift in Sources */,
				F8A1173A271DAFD200723D3A /* ApolloRepository.swift in Sources */,
				F8113EB1272438B300328EF9 /* ProductDeal.swift in Sources */,
				F8D05A572724A94A0009A228 /* Deal.swift in Sources */,
				F855FD1727043C4900602EC4 /* StarWarsWebService.swift in Sources */,
				F809FC48272509640044E518 /* ApolloGraphQLApiClient.generated.swift in Sources */,
				F809FC6027250D770044E518 /* ApolloMappers.generated.swift in Sources */,
				F809FC4F272509780044E518 /* StarWarsGraphQLSpec.generated.swift in Sources */,
				F8C4086E270193CE00CA5F13 /* GroceriesResourceParametersConfigurator.swift in Sources */,
				F809FC5A272509E60044E518 /* GraphQLEntities.generated.swift in Sources */,
				F8BFF72D270AD02C00AE4828 /* DateTimeInterval.swift in Sources */,
				F8D3235826FCAC9F00A594B2 /* GraphQLCodegenExampleApp.swift in Sources */,
				F809FC58272509AA0044E518 /* GroceriesApiClient.generated.swift in Sources */,
				F809FC50272509780044E518 /* StarWarsGraphQLApiClient.generated.swift in Sources */,
				F809FC5C27250D530044E518 /* GroceriesMappers.generated.swift in Sources */,
				F8113EAF2723F59800328EF9 /* CampaignAttribute.swift in Sources */,
			);
			runOnlyForDeploymentPostprocessing = 0;
		};
/* End PBXSourcesBuildPhase section */

/* Begin XCBuildConfiguration section */
		F8D3236126FCACA000A594B2 /* Debug */ = {
			isa = XCBuildConfiguration;
			buildSettings = {
				ALWAYS_SEARCH_USER_PATHS = NO;
				CLANG_ANALYZER_NONNULL = YES;
				CLANG_ANALYZER_NUMBER_OBJECT_CONVERSION = YES_AGGRESSIVE;
				CLANG_CXX_LANGUAGE_STANDARD = "gnu++14";
				CLANG_CXX_LIBRARY = "libc++";
				CLANG_ENABLE_MODULES = YES;
				CLANG_ENABLE_OBJC_ARC = YES;
				CLANG_ENABLE_OBJC_WEAK = YES;
				CLANG_WARN_BLOCK_CAPTURE_AUTORELEASING = YES;
				CLANG_WARN_BOOL_CONVERSION = YES;
				CLANG_WARN_COMMA = YES;
				CLANG_WARN_CONSTANT_CONVERSION = YES;
				CLANG_WARN_DEPRECATED_OBJC_IMPLEMENTATIONS = YES;
				CLANG_WARN_DIRECT_OBJC_ISA_USAGE = YES_ERROR;
				CLANG_WARN_DOCUMENTATION_COMMENTS = YES;
				CLANG_WARN_EMPTY_BODY = YES;
				CLANG_WARN_ENUM_CONVERSION = YES;
				CLANG_WARN_INFINITE_RECURSION = YES;
				CLANG_WARN_INT_CONVERSION = YES;
				CLANG_WARN_NON_LITERAL_NULL_CONVERSION = YES;
				CLANG_WARN_OBJC_IMPLICIT_RETAIN_SELF = YES;
				CLANG_WARN_OBJC_LITERAL_CONVERSION = YES;
				CLANG_WARN_OBJC_ROOT_CLASS = YES_ERROR;
				CLANG_WARN_QUOTED_INCLUDE_IN_FRAMEWORK_HEADER = YES;
				CLANG_WARN_RANGE_LOOP_ANALYSIS = YES;
				CLANG_WARN_STRICT_PROTOTYPES = YES;
				CLANG_WARN_SUSPICIOUS_MOVE = YES;
				CLANG_WARN_UNGUARDED_AVAILABILITY = YES_AGGRESSIVE;
				CLANG_WARN_UNREACHABLE_CODE = YES;
				CLANG_WARN__DUPLICATE_METHOD_MATCH = YES;
				COPY_PHASE_STRIP = NO;
				DEBUG_INFORMATION_FORMAT = dwarf;
				ENABLE_STRICT_OBJC_MSGSEND = YES;
				ENABLE_TESTABILITY = YES;
				GCC_C_LANGUAGE_STANDARD = gnu11;
				GCC_DYNAMIC_NO_PIC = NO;
				GCC_NO_COMMON_BLOCKS = YES;
				GCC_OPTIMIZATION_LEVEL = 0;
				GCC_PREPROCESSOR_DEFINITIONS = (
					"DEBUG=1",
					"$(inherited)",
				);
				GCC_WARN_64_TO_32_BIT_CONVERSION = YES;
				GCC_WARN_ABOUT_RETURN_TYPE = YES_ERROR;
				GCC_WARN_UNDECLARED_SELECTOR = YES;
				GCC_WARN_UNINITIALIZED_AUTOS = YES_AGGRESSIVE;
				GCC_WARN_UNUSED_FUNCTION = YES;
				GCC_WARN_UNUSED_VARIABLE = YES;
				IPHONEOS_DEPLOYMENT_TARGET = 14.4;
				MTL_ENABLE_DEBUG_INFO = INCLUDE_SOURCE;
				MTL_FAST_MATH = YES;
				ONLY_ACTIVE_ARCH = YES;
				SDKROOT = iphoneos;
				SWIFT_ACTIVE_COMPILATION_CONDITIONS = DEBUG;
				SWIFT_OPTIMIZATION_LEVEL = "-Onone";
			};
			name = Debug;
		};
		F8D3236226FCACA000A594B2 /* Release */ = {
			isa = XCBuildConfiguration;
			buildSettings = {
				ALWAYS_SEARCH_USER_PATHS = NO;
				CLANG_ANALYZER_NONNULL = YES;
				CLANG_ANALYZER_NUMBER_OBJECT_CONVERSION = YES_AGGRESSIVE;
				CLANG_CXX_LANGUAGE_STANDARD = "gnu++14";
				CLANG_CXX_LIBRARY = "libc++";
				CLANG_ENABLE_MODULES = YES;
				CLANG_ENABLE_OBJC_ARC = YES;
				CLANG_ENABLE_OBJC_WEAK = YES;
				CLANG_WARN_BLOCK_CAPTURE_AUTORELEASING = YES;
				CLANG_WARN_BOOL_CONVERSION = YES;
				CLANG_WARN_COMMA = YES;
				CLANG_WARN_CONSTANT_CONVERSION = YES;
				CLANG_WARN_DEPRECATED_OBJC_IMPLEMENTATIONS = YES;
				CLANG_WARN_DIRECT_OBJC_ISA_USAGE = YES_ERROR;
				CLANG_WARN_DOCUMENTATION_COMMENTS = YES;
				CLANG_WARN_EMPTY_BODY = YES;
				CLANG_WARN_ENUM_CONVERSION = YES;
				CLANG_WARN_INFINITE_RECURSION = YES;
				CLANG_WARN_INT_CONVERSION = YES;
				CLANG_WARN_NON_LITERAL_NULL_CONVERSION = YES;
				CLANG_WARN_OBJC_IMPLICIT_RETAIN_SELF = YES;
				CLANG_WARN_OBJC_LITERAL_CONVERSION = YES;
				CLANG_WARN_OBJC_ROOT_CLASS = YES_ERROR;
				CLANG_WARN_QUOTED_INCLUDE_IN_FRAMEWORK_HEADER = YES;
				CLANG_WARN_RANGE_LOOP_ANALYSIS = YES;
				CLANG_WARN_STRICT_PROTOTYPES = YES;
				CLANG_WARN_SUSPICIOUS_MOVE = YES;
				CLANG_WARN_UNGUARDED_AVAILABILITY = YES_AGGRESSIVE;
				CLANG_WARN_UNREACHABLE_CODE = YES;
				CLANG_WARN__DUPLICATE_METHOD_MATCH = YES;
				COPY_PHASE_STRIP = NO;
				DEBUG_INFORMATION_FORMAT = "dwarf-with-dsym";
				ENABLE_NS_ASSERTIONS = NO;
				ENABLE_STRICT_OBJC_MSGSEND = YES;
				GCC_C_LANGUAGE_STANDARD = gnu11;
				GCC_NO_COMMON_BLOCKS = YES;
				GCC_WARN_64_TO_32_BIT_CONVERSION = YES;
				GCC_WARN_ABOUT_RETURN_TYPE = YES_ERROR;
				GCC_WARN_UNDECLARED_SELECTOR = YES;
				GCC_WARN_UNINITIALIZED_AUTOS = YES_AGGRESSIVE;
				GCC_WARN_UNUSED_FUNCTION = YES;
				GCC_WARN_UNUSED_VARIABLE = YES;
				IPHONEOS_DEPLOYMENT_TARGET = 14.4;
				MTL_ENABLE_DEBUG_INFO = NO;
				MTL_FAST_MATH = YES;
				SDKROOT = iphoneos;
				SWIFT_COMPILATION_MODE = wholemodule;
				SWIFT_OPTIMIZATION_LEVEL = "-O";
				VALIDATE_PRODUCT = YES;
			};
			name = Release;
		};
		F8D3236426FCACA000A594B2 /* Debug */ = {
			isa = XCBuildConfiguration;
			buildSettings = {
				ASSETCATALOG_COMPILER_APPICON_NAME = AppIcon;
				ASSETCATALOG_COMPILER_GLOBAL_ACCENT_COLOR_NAME = AccentColor;
				CODE_SIGN_STYLE = Automatic;
				DEVELOPMENT_ASSET_PATHS = "\"GraphQLCodegenExample/Preview Content\"";
				ENABLE_PREVIEWS = YES;
				FRAMEWORK_SEARCH_PATHS = (
					"$(inherited)",
					"$(PROJECT_DIR)/Carthage/Build/iOS",
				);
				INFOPLIST_FILE = GraphQLCodegenExample/Info.plist;
				IPHONEOS_DEPLOYMENT_TARGET = 14.0;
				LD_RUNPATH_SEARCH_PATHS = (
					"$(inherited)",
					"@executable_path/Frameworks",
				);
				PRODUCT_BUNDLE_IDENTIFIER = com.deliveryhero.GraphQLCodegenExample;
				PRODUCT_NAME = "$(TARGET_NAME)";
				SWIFT_VERSION = 5.0;
				TARGETED_DEVICE_FAMILY = "1,2";
				VALIDATE_WORKSPACE = YES;
			};
			name = Debug;
		};
		F8D3236526FCACA000A594B2 /* Release */ = {
			isa = XCBuildConfiguration;
			buildSettings = {
				ASSETCATALOG_COMPILER_APPICON_NAME = AppIcon;
				ASSETCATALOG_COMPILER_GLOBAL_ACCENT_COLOR_NAME = AccentColor;
				CODE_SIGN_STYLE = Automatic;
				DEVELOPMENT_ASSET_PATHS = "\"GraphQLCodegenExample/Preview Content\"";
				ENABLE_PREVIEWS = YES;
				FRAMEWORK_SEARCH_PATHS = (
					"$(inherited)",
					"$(PROJECT_DIR)/Carthage/Build/iOS",
				);
				INFOPLIST_FILE = GraphQLCodegenExample/Info.plist;
				IPHONEOS_DEPLOYMENT_TARGET = 14.0;
				LD_RUNPATH_SEARCH_PATHS = (
					"$(inherited)",
					"@executable_path/Frameworks",
				);
				PRODUCT_BUNDLE_IDENTIFIER = com.deliveryhero.GraphQLCodegenExample;
				PRODUCT_NAME = "$(TARGET_NAME)";
				SWIFT_VERSION = 5.0;
				TARGETED_DEVICE_FAMILY = "1,2";
				VALIDATE_WORKSPACE = YES;
			};
			name = Release;
		};
/* End XCBuildConfiguration section */

/* Begin XCConfigurationList section */
		F8D3234F26FCAC9F00A594B2 /* Build configuration list for PBXProject "GraphQLCodegenExample" */ = {
			isa = XCConfigurationList;
			buildConfigurations = (
				F8D3236126FCACA000A594B2 /* Debug */,
				F8D3236226FCACA000A594B2 /* Release */,
			);
			defaultConfigurationIsVisible = 0;
			defaultConfigurationName = Release;
		};
		F8D3236326FCACA000A594B2 /* Build configuration list for PBXNativeTarget "GraphQLCodegenExample" */ = {
			isa = XCConfigurationList;
			buildConfigurations = (
				F8D3236426FCACA000A594B2 /* Debug */,
				F8D3236526FCACA000A594B2 /* Release */,
			);
			defaultConfigurationIsVisible = 0;
			defaultConfigurationName = Release;
		};
/* End XCConfigurationList section */
	};
	rootObject = F8D3234C26FCAC9F00A594B2 /* Project object */;
}
